
Microsoft Visual Studio Solution File, Format Version 12.00
# Visual Studio Version 17
VisualStudioVersion = 17.13.35931.197 d17.13
MinimumVisualStudioVersion = 10.0.40219.1
Project("{FAE04EC0-301F-11D3-BF4B-00C04F79EFBC}") = "TequilasRestaurant", "TequilasRestaurant\TequilasRestaurant.csproj", "{191D0370-4D78-49A0-A5D4-86F3C889C3D1}"
EndProject
Global
	GlobalSection(SolutionConfigurationPlatforms) = preSolution
		Debug|Any CPU = Debug|Any CPU
		Release|Any CPU = Release|Any CPU
	EndGlobalSection
	GlobalSection(ProjectConfigurationPlatforms) = postSolution
		{191D0370-4D78-49A0-A5D4-86F3C889C3D1}.Debug|Any CPU.ActiveCfg = Debug|Any CPU
		{191D0370-4D78-49A0-A5D4-86F3C889C3D1}.Debug|Any CPU.Build.0 = Debug|Any CPU
		{191D0370-4D78-49A0-A5D4-86F3C889C3D1}.Release|Any CPU.ActiveCfg = Release|Any CPU
		{191D0370-4D78-49A0-A5D4-86F3C889C3D1}.Release|Any CPU.Build.0 = Release|Any CPU
	EndGlobalSection
	GlobalSection(SolutionProperties) = preSolution
		HideSolutionNode = FALSE
	EndGlobalSection
	GlobalSection(ExtensibilityGlobals) = postSolution
		SolutionGuid = {0913A194-9666-418B-B4B8-95B51F934876}
	EndGlobalSection
EndGlobal
